
Microsoft Visual Studio Solution File, Format Version 12.00
# Visual Studio Version 17
VisualStudioVersion = 17.0.31903.59
MinimumVisualStudioVersion = 10.0.40219.1
Project("{FAE04EC0-301F-11D3-BF4B-00C04F79EFBC}") = "API", "API\API.csproj", "{5973638F-A951-4717-97EA-F342D2B924B2}"
EndProject
Project("{FAE04EC0-301F-11D3-BF4B-00C04F79EFBC}") = "Application", "Application\Application.csproj", "{9B18F984-8937-494F-99A5-1799427CD6ED}"
EndProject
Project("{FAE04EC0-301F-11D3-BF4B-00C04F79EFBC}") = "Domain", "Domain\Domain.csproj", "{BF3B90F4-03F4-4BBB-86AD-A6C68F443DDC}"
EndProject
Project("{FAE04EC0-301F-11D3-BF4B-00C04F79EFBC}") = "Persistence", "Persistence\Persistence.csproj", "{24A1A528-8946-414E-946D-354D8686A2CD}"
EndProject
Global
	GlobalSection(SolutionConfigurationPlatforms) = preSolution
		Debug|Any CPU = Debug|Any CPU
		Debug|x64 = Debug|x64
		Debug|x86 = Debug|x86
		Release|Any CPU = Release|Any CPU
		Release|x64 = Release|x64
		Release|x86 = Release|x86
	EndGlobalSection
	GlobalSection(ProjectConfigurationPlatforms) = postSolution
		{5973638F-A951-4717-97EA-F342D2B924B2}.Debug|Any CPU.ActiveCfg = Debug|Any CPU
		{5973638F-A951-4717-97EA-F342D2B924B2}.Debug|Any CPU.Build.0 = Debug|Any CPU
		{5973638F-A951-4717-97EA-F342D2B924B2}.Debug|x64.ActiveCfg = Debug|Any CPU
		{5973638F-A951-4717-97EA-F342D2B924B2}.Debug|x64.Build.0 = Debug|Any CPU
		{5973638F-A951-4717-97EA-F342D2B924B2}.Debug|x86.ActiveCfg = Debug|Any CPU
		{5973638F-A951-4717-97EA-F342D2B924B2}.Debug|x86.Build.0 = Debug|Any CPU
		{5973638F-A951-4717-97EA-F342D2B924B2}.Release|Any CPU.ActiveCfg = Release|Any CPU
		{5973638F-A951-4717-97EA-F342D2B924B2}.Release|Any CPU.Build.0 = Release|Any CPU
		{5973638F-A951-4717-97EA-F342D2B924B2}.Release|x64.ActiveCfg = Release|Any CPU
		{5973638F-A951-4717-97EA-F342D2B924B2}.Release|x64.Build.0 = Release|Any CPU
		{5973638F-A951-4717-97EA-F342D2B924B2}.Release|x86.ActiveCfg = Release|Any CPU
		{5973638F-A951-4717-97EA-F342D2B924B2}.Release|x86.Build.0 = Release|Any CPU
		{9B18F984-8937-494F-99A5-1799427CD6ED}.Debug|Any CPU.ActiveCfg = Debug|Any CPU
		{9B18F984-8937-494F-99A5-1799427CD6ED}.Debug|Any CPU.Build.0 = Debug|Any CPU
		{9B18F984-8937-494F-99A5-1799427CD6ED}.Debug|x64.ActiveCfg = Debug|Any CPU
		{9B18F984-8937-494F-99A5-1799427CD6ED}.Debug|x64.Build.0 = Debug|Any CPU
		{9B18F984-8937-494F-99A5-1799427CD6ED}.Debug|x86.ActiveCfg = Debug|Any CPU
		{9B18F984-8937-494F-99A5-1799427CD6ED}.Debug|x86.Build.0 = Debug|Any CPU
		{9B18F984-8937-494F-99A5-1799427CD6ED}.Release|Any CPU.ActiveCfg = Release|Any CPU
		{9B18F984-8937-494F-99A5-1799427CD6ED}.Release|Any CPU.Build.0 = Release|Any CPU
		{9B18F984-8937-494F-99A5-1799427CD6ED}.Release|x64.ActiveCfg = Release|Any CPU
		{9B18F984-8937-494F-99A5-1799427CD6ED}.Release|x64.Build.0 = Release|Any CPU
		{9B18F984-8937-494F-99A5-1799427CD6ED}.Release|x86.ActiveCfg = Release|Any CPU
		{9B18F984-8937-494F-99A5-1799427CD6ED}.Release|x86.Build.0 = Release|Any CPU
		{BF3B90F4-03F4-4BBB-86AD-A6C68F443DDC}.Debug|Any CPU.ActiveCfg = Debug|Any CPU
		{BF3B90F4-03F4-4BBB-86AD-A6C68F443DDC}.Debug|Any CPU.Build.0 = Debug|Any CPU
		{BF3B90F4-03F4-4BBB-86AD-A6C68F443DDC}.Debug|x64.ActiveCfg = Debug|Any CPU
		{BF3B90F4-03F4-4BBB-86AD-A6C68F443DDC}.Debug|x64.Build.0 = Debug|Any CPU
		{BF3B90F4-03F4-4BBB-86AD-A6C68F443DDC}.Debug|x86.ActiveCfg = Debug|Any CPU
		{BF3B90F4-03F4-4BBB-86AD-A6C68F443DDC}.Debug|x86.Build.0 = Debug|Any CPU
		{BF3B90F4-03F4-4BBB-86AD-A6C68F443DDC}.Release|Any CPU.ActiveCfg = Release|Any CPU
		{BF3B90F4-03F4-4BBB-86AD-A6C68F443DDC}.Release|Any CPU.Build.0 = Release|Any CPU
		{BF3B90F4-03F4-4BBB-86AD-A6C68F443DDC}.Release|x64.ActiveCfg = Release|Any CPU
		{BF3B90F4-03F4-4BBB-86AD-A6C68F443DDC}.Release|x64.Build.0 = Release|Any CPU
		{BF3B90F4-03F4-4BBB-86AD-A6C68F443DDC}.Release|x86.ActiveCfg = Release|Any CPU
		{BF3B90F4-03F4-4BBB-86AD-A6C68F443DDC}.Release|x86.Build.0 = Release|Any CPU
		{24A1A528-8946-414E-946D-354D8686A2CD}.Debug|Any CPU.ActiveCfg = Debug|Any CPU
		{24A1A528-8946-414E-946D-354D8686A2CD}.Debug|Any CPU.Build.0 = Debug|Any CPU
		{24A1A528-8946-414E-946D-354D8686A2CD}.Debug|x64.ActiveCfg = Debug|Any CPU
		{24A1A528-8946-414E-946D-354D8686A2CD}.Debug|x64.Build.0 = Debug|Any CPU
		{24A1A528-8946-414E-946D-354D8686A2CD}.Debug|x86.ActiveCfg = Debug|Any CPU
		{24A1A528-8946-414E-946D-354D8686A2CD}.Debug|x86.Build.0 = Debug|Any CPU
		{24A1A528-8946-414E-946D-354D8686A2CD}.Release|Any CPU.ActiveCfg = Release|Any CPU
		{24A1A528-8946-414E-946D-354D8686A2CD}.Release|Any CPU.Build.0 = Release|Any CPU
		{24A1A528-8946-414E-946D-354D8686A2CD}.Release|x64.ActiveCfg = Release|Any CPU
		{24A1A528-8946-414E-946D-354D8686A2CD}.Release|x64.Build.0 = Release|Any CPU
		{24A1A528-8946-414E-946D-354D8686A2CD}.Release|x86.ActiveCfg = Release|Any CPU
		{24A1A528-8946-414E-946D-354D8686A2CD}.Release|x86.Build.0 = Release|Any CPU
	EndGlobalSection
	GlobalSection(SolutionProperties) = preSolution
		HideSolutionNode = FALSE
	EndGlobalSection
EndGlobal
